{
  "name": "chuck-norris-jokes",
  "version": "1.0.0",
  "lockfileVersion": 1,
  "requires": true,
  "dependencies": {
    "chucknorris-io": {
      "version": "1.0.5",
      "resolved": "https://registry.npmjs.org/chucknorris-io/-/chucknorris-io-1.0.5.tgz",
      "integrity": "sha1-gMlF863mLixpYqMb4dhnvm+bE70=",
      "dev": true
    }
  }
}
